// !$*UTF8*$!
{
	archiveVersion = 1;
	classes = {
	};
	objectVersion = 46;
	objects = {

/* Begin PBXBuildFile section */
		289F2F461B8F445100800B95 /* PhotoDetailsViewController.swift in Sources */ = {isa = PBXBuildFile; fileRef = 289F2F451B8F445100800B95 /* PhotoDetailsViewController.swift */; };
		289F2F481B8F47DA00800B95 /* PhotoDetailCell.swift in Sources */ = {isa = PBXBuildFile; fileRef = 289F2F471B8F47DA00800B95 /* PhotoDetailCell.swift */; };
		28B79ADC1B8F35A90042C354 /* PhotosViewController.swift in Sources */ = {isa = PBXBuildFile; fileRef = 28B79ADB1B8F35A90042C354 /* PhotosViewController.swift */; };
		E1FD9BB9C9E1010957CF625A /* Pods.framework in Frameworks */ = {isa = PBXBuildFile; fileRef = DE9E2D60A32CD39D25B37B98 /* Pods.framework */; settings = {ATTRIBUTES = (Weak, ); }; };
		E21CF1AB1B8F328700027421 /* AppDelegate.swift in Sources */ = {isa = PBXBuildFile; fileRef = E21CF1AA1B8F328700027421 /* AppDelegate.swift */; };
		E21CF1B01B8F328700027421 /* Main.storyboard in Resources */ = {isa = PBXBuildFile; fileRef = E21CF1AE1B8F328700027421 /* Main.storyboard */; };
		E21CF1B21B8F328700027421 /* Images.xcassets in Resources */ = {isa = PBXBuildFile; fileRef = E21CF1B11B8F328700027421 /* Images.xcassets */; };
		E21CF1B51B8F328700027421 /* LaunchScreen.xib in Resources */ = {isa = PBXBuildFile; fileRef = E21CF1B31B8F328700027421 /* LaunchScreen.xib */; };
		E21CF1C11B8F328700027421 /* instapairTests.swift in Sources */ = {isa = PBXBuildFile; fileRef = E21CF1C01B8F328700027421 /* instapairTests.swift */; };
		E295DAD61B8F3CEB000DA1F7 /* PhotoCell.swift in Sources */ = {isa = PBXBuildFile; fileRef = E295DAD51B8F3CEB000DA1F7 /* PhotoCell.swift */; };
/* End PBXBuildFile section */

/* Begin PBXContainerItemProxy section */
		E21CF1BB1B8F328700027421 /* PBXContainerItemProxy */ = {
			isa = PBXContainerItemProxy;
			containerPortal = E21CF19D1B8F328700027421 /* Project object */;
			proxyType = 1;
			remoteGlobalIDString = E21CF1A41B8F328700027421;
			remoteInfo = instapair;
		};
/* End PBXContainerItemProxy section */

/* Begin PBXFileReference section */
		05FAE9F3891C552D46386E30 /* Pods.debug.xcconfig */ = {isa = PBXFileReference; includeInIndex = 1; lastKnownFileType = text.xcconfig; name = Pods.debug.xcconfig; path = "Pods/Target Support Files/Pods/Pods.debug.xcconfig"; sourceTree = "<group>"; };
		289F2F451B8F445100800B95 /* PhotoDetailsViewController.swift */ = {isa = PBXFileReference; fileEncoding = 4; lastKnownFileType = sourcecode.swift; path = PhotoDetailsViewController.swift; sourceTree = "<group>"; };
		289F2F471B8F47DA00800B95 /* PhotoDetailCell.swift */ = {isa = PBXFileReference; fileEncoding = 4; lastKnownFileType = sourcecode.swift; path = PhotoDetailCell.swift; sourceTree = "<group>"; };
		28B79ADB1B8F35A90042C354 /* PhotosViewController.swift */ = {isa = PBXFileReference; fileEncoding = 4; lastKnownFileType = sourcecode.swift; path = PhotosViewController.swift; sourceTree = "<group>"; };
		DE9E2D60A32CD39D25B37B98 /* Pods.framework */ = {isa = PBXFileReference; explicitFileType = wrapper.framework; includeInIndex = 0; path = Pods.framework; sourceTree = BUILT_PRODUCTS_DIR; };
		E21CF1A51B8F328700027421 /* instapair.app */ = {isa = PBXFileReference; explicitFileType = wrapper.application; includeInIndex = 0; path = instapair.app; sourceTree = BUILT_PRODUCTS_DIR; };
		E21CF1A91B8F328700027421 /* Info.plist */ = {isa = PBXFileReference; lastKnownFileType = text.plist.xml; path = Info.plist; sourceTree = "<group>"; };
		E21CF1AA1B8F328700027421 /* AppDelegate.swift */ = {isa = PBXFileReference; lastKnownFileType = sourcecode.swift; path = AppDelegate.swift; sourceTree = "<group>"; };
		E21CF1AF1B8F328700027421 /* Base */ = {isa = PBXFileReference; lastKnownFileType = file.storyboard; name = Base; path = Base.lproj/Main.storyboard; sourceTree = "<group>"; };
		E21CF1B11B8F328700027421 /* Images.xcassets */ = {isa = PBXFileReference; lastKnownFileType = folder.assetcatalog; path = Images.xcassets; sourceTree = "<group>"; };
		E21CF1B41B8F328700027421 /* Base */ = {isa = PBXFileReference; lastKnownFileType = file.xib; name = Base; path = Base.lproj/LaunchScreen.xib; sourceTree = "<group>"; };
		E21CF1BA1B8F328700027421 /* instapairTests.xctest */ = {isa = PBXFileReference; explicitFileType = wrapper.cfbundle; includeInIndex = 0; path = instapairTests.xctest; sourceTree = BUILT_PRODUCTS_DIR; };
		E21CF1BF1B8F328700027421 /* Info.plist */ = {isa = PBXFileReference; lastKnownFileType = text.plist.xml; path = Info.plist; sourceTree = "<group>"; };
		E21CF1C01B8F328700027421 /* instapairTests.swift */ = {isa = PBXFileReference; lastKnownFileType = sourcecode.swift; path = instapairTests.swift; sourceTree = "<group>"; };
		E295DAD51B8F3CEB000DA1F7 /* PhotoCell.swift */ = {isa = PBXFileReference; fileEncoding = 4; lastKnownFileType = sourcecode.swift; path = PhotoCell.swift; sourceTree = "<group>"; };
		E295DAD71B8F3DD0000DA1F7 /* instapair-Bridging-Header.h */ = {isa = PBXFileReference; lastKnownFileType = sourcecode.c.h; path = "instapair-Bridging-Header.h"; sourceTree = "<group>"; };
		E6742C8E4743596F39021E84 /* Pods.release.xcconfig */ = {isa = PBXFileReference; includeInIndex = 1; lastKnownFileType = text.xcconfig; name = Pods.release.xcconfig; path = "Pods/Target Support Files/Pods/Pods.release.xcconfig"; sourceTree = "<group>"; };
/* End PBXFileReference section */

/* Begin PBXFrameworksBuildPhase section */
		E21CF1A21B8F328700027421 /* Frameworks */ = {
			isa = PBXFrameworksBuildPhase;
			buildActionMask = 2147483647;
			files = (
				E1FD9BB9C9E1010957CF625A /* Pods.framework in Frameworks */,
			);
			runOnlyForDeploymentPostprocessing = 0;
		};
		E21CF1B71B8F328700027421 /* Frameworks */ = {
			isa = PBXFrameworksBuildPhase;
			buildActionMask = 2147483647;
			files = (
			);
			runOnlyForDeploymentPostprocessing = 0;
		};
/* End PBXFrameworksBuildPhase section */

/* Begin PBXGroup section */
		06F285A0A505B277A9AE4343 /* Frameworks */ = {
			isa = PBXGroup;
			children = (
				DE9E2D60A32CD39D25B37B98 /* Pods.framework */,
			);
			name = Frameworks;
			sourceTree = "<group>";
		};
		DDA1319C3930C0E60BCC89F1 /* Pods */ = {
			isa = PBXGroup;
			children = (
				05FAE9F3891C552D46386E30 /* Pods.debug.xcconfig */,
				E6742C8E4743596F39021E84 /* Pods.release.xcconfig */,
			);
			name = Pods;
			sourceTree = "<group>";
		};
		E21CF19C1B8F328700027421 = {
			isa = PBXGroup;
			children = (
				E21CF1A71B8F328700027421 /* instapair */,
				E21CF1BD1B8F328700027421 /* instapairTests */,
				E21CF1A61B8F328700027421 /* Products */,
				DDA1319C3930C0E60BCC89F1 /* Pods */,
				06F285A0A505B277A9AE4343 /* Frameworks */,
			);
			sourceTree = "<group>";
		};
		E21CF1A61B8F328700027421 /* Products */ = {
			isa = PBXGroup;
			children = (
				E21CF1A51B8F328700027421 /* instapair.app */,
				E21CF1BA1B8F328700027421 /* instapairTests.xctest */,
			);
			name = Products;
			sourceTree = "<group>";
		};
		E21CF1A71B8F328700027421 /* instapair */ = {
			isa = PBXGroup;
			children = (
				28B79ADB1B8F35A90042C354 /* PhotosViewController.swift */,
				289F2F451B8F445100800B95 /* PhotoDetailsViewController.swift */,
				289F2F471B8F47DA00800B95 /* PhotoDetailCell.swift */,
				E21CF1AA1B8F328700027421 /* AppDelegate.swift */,
				E21CF1AE1B8F328700027421 /* Main.storyboard */,
				E21CF1B11B8F328700027421 /* Images.xcassets */,
				E21CF1B31B8F328700027421 /* LaunchScreen.xib */,
				E21CF1A81B8F328700027421 /* Supporting Files */,
				E295DAD51B8F3CEB000DA1F7 /* PhotoCell.swift */,
				E295DAD71B8F3DD0000DA1F7 /* instapair-Bridging-Header.h */,
			);
			path = instapair;
			sourceTree = "<group>";
		};
		E21CF1A81B8F328700027421 /* Supporting Files */ = {
			isa = PBXGroup;
			children = (
				E21CF1A91B8F328700027421 /* Info.plist */,
			);
			name = "Supporting Files";
			sourceTree = "<group>";
		};
		E21CF1BD1B8F328700027421 /* instapairTests */ = {
			isa = PBXGroup;
			children = (
				E21CF1C01B8F328700027421 /* instapairTests.swift */,
				E21CF1BE1B8F328700027421 /* Supporting Files */,
			);
			path = instapairTests;
			sourceTree = "<group>";
		};
		E21CF1BE1B8F328700027421 /* Supporting Files */ = {
			isa = PBXGroup;
			children = (
				E21CF1BF1B8F328700027421 /* Info.plist */,
			);
			name = "Supporting Files";
			sourceTree = "<group>";
		};
/* End PBXGroup section */

/* Begin PBXNativeTarget section */
		E21CF1A41B8F328700027421 /* instapair */ = {
			isa = PBXNativeTarget;
			buildConfigurationList = E21CF1C41B8F328700027421 /* Build configuration list for PBXNativeTarget "instapair" */;
			buildPhases = (
				899568BFE2703C468ED36E35 /* Check Pods Manifest.lock */,
				E21CF1A11B8F328700027421 /* Sources */,
				E21CF1A21B8F328700027421 /* Frameworks */,
				E21CF1A31B8F328700027421 /* Resources */,
				6EAD4159266292B431624E00 /* Embed Pods Frameworks */,
				452F9868007142DF527863AA /* Copy Pods Resources */,
			);
			buildRules = (
			);
			dependencies = (
			);
			name = instapair;
			productName = instapair;
			productReference = E21CF1A51B8F328700027421 /* instapair.app */;
			productType = "com.apple.product-type.application";
		};
		E21CF1B91B8F328700027421 /* instapairTests */ = {
			isa = PBXNativeTarget;
			buildConfigurationList = E21CF1C71B8F328700027421 /* Build configuration list for PBXNativeTarget "instapairTests" */;
			buildPhases = (
				E21CF1B61B8F328700027421 /* Sources */,
				E21CF1B71B8F328700027421 /* Frameworks */,
				E21CF1B81B8F328700027421 /* Resources */,
			);
			buildRules = (
			);
			dependencies = (
				E21CF1BC1B8F328700027421 /* PBXTargetDependency */,
			);
			name = instapairTests;
			productName = instapairTests;
			productReference = E21CF1BA1B8F328700027421 /* instapairTests.xctest */;
			productType = "com.apple.product-type.bundle.unit-test";
		};
/* End PBXNativeTarget section */

/* Begin PBXProject section */
		E21CF19D1B8F328700027421 /* Project object */ = {
			isa = PBXProject;
			attributes = {
				LastUpgradeCheck = 0640;
				ORGANIZATIONNAME = ht;
				TargetAttributes = {
					E21CF1A41B8F328700027421 = {
						CreatedOnToolsVersion = 6.4;
					};
					E21CF1B91B8F328700027421 = {
						CreatedOnToolsVersion = 6.4;
						TestTargetID = E21CF1A41B8F328700027421;
					};
				};
			};
			buildConfigurationList = E21CF1A01B8F328700027421 /* Build configuration list for PBXProject "instapair" */;
			compatibilityVersion = "Xcode 3.2";
			developmentRegion = English;
			hasScannedForEncodings = 0;
			knownRegions = (
				en,
				Base,
			);
			mainGroup = E21CF19C1B8F328700027421;
			productRefGroup = E21CF1A61B8F328700027421 /* Products */;
			projectDirPath = "";
			projectRoot = "";
			targets = (
				E21CF1A41B8F328700027421 /* instapair */,
				E21CF1B91B8F328700027421 /* instapairTests */,
			);
		};
/* End PBXProject section */

/* Begin PBXResourcesBuildPhase section */
		E21CF1A31B8F328700027421 /* Resources */ = {
			isa = PBXResourcesBuildPhase;
			buildActionMask = 2147483647;
			files = (
				E21CF1B01B8F328700027421 /* Main.storyboard in Resources */,
				E21CF1B51B8F328700027421 /* LaunchScreen.xib in Resources */,
				E21CF1B21B8F328700027421 /* Images.xcassets in Resources */,
			);
			runOnlyForDeploymentPostprocessing = 0;
		};
		E21CF1B81B8F328700027421 /* Resources */ = {
			isa = PBXResourcesBuildPhase;
			buildActionMask = 2147483647;
			files = (
			);
			runOnlyForDeploymentPostprocessing = 0;
		};
/* End PBXResourcesBuildPhase section */

/* Begin PBXShellScriptBuildPhase section */
		452F9868007142DF527863AA /* Copy Pods Resources */ = {
			isa = PBXShellScriptBuildPhase;
			buildActionMask = 2147483647;
			files = (
			);
			inputPaths = (
			);
			name = "Copy Pods Resources";
			outputPaths = (
			);
			runOnlyForDeploymentPostprocessing = 0;
			shellPath = /bin/sh;
			shellScript = "\"${SRCROOT}/Pods/Target Support Files/Pods/Pods-resources.sh\"\n";
			showEnvVarsInLog = 0;
		};
		6EAD4159266292B431624E00 /* Embed Pods Frameworks */ = {
			isa = PBXShellScriptBuildPhase;
			buildActionMask = 2147483647;
			files = (
			);
			inputPaths = (
			);
			name = "Embed Pods Frameworks";
			outputPaths = (
			);
			runOnlyForDeploymentPostprocessing = 0;
			shellPath = /bin/sh;
			shellScript = "\"${SRCROOT}/Pods/Target Support Files/Pods/Pods-frameworks.sh\"\n";
			showEnvVarsInLog = 0;
		};
		899568BFE2703C468ED36E35 /* Check Pods Manifest.lock */ = {
			isa = PBXShellScriptBuildPhase;
			buildActionMask = 2147483647;
			files = (
			);
			inputPaths = (
			);
			name = "Check Pods Manifest.lock";
			outputPaths = (
			);
			runOnlyForDeploymentPostprocessing = 0;
			shellPath = /bin/sh;
			shellScript = "diff \"${PODS_ROOT}/../Podfile.lock\" \"${PODS_ROOT}/Manifest.lock\" > /dev/null\nif [[ $? != 0 ]] ; then\n    cat << EOM\nerror: The sandbox is not in sync with the Podfile.lock. Run 'pod install' or update your CocoaPods installation.\nEOM\n    exit 1\nfi\n";
			showEnvVarsInLog = 0;
		};
/* End PBXShellScriptBuildPhase section */

/* Begin PBXSourcesBuildPhase section */
		E21CF1A11B8F328700027421 /* Sources */ = {
			isa = PBXSourcesBuildPhase;
			buildActionMask = 2147483647;
			files = (
				289F2F461B8F445100800B95 /* PhotoDetailsViewController.swift in Sources */,
				E21CF1AB1B8F328700027421 /* AppDelegate.swift in Sources */,
				E295DAD61B8F3CEB000DA1F7 /* PhotoCell.swift in Sources */,
				28B79ADC1B8F35A90042C354 /* PhotosViewController.swift in Sources */,
				289F2F481B8F47DA00800B95 /* PhotoDetailCell.swift in Sources */,
			);
			runOnlyForDeploymentPostprocessing = 0;
		};
		E21CF1B61B8F328700027421 /* Sources */ = {
			isa = PBXSourcesBuildPhase;
			buildActionMask = 2147483647;
			files = (
				E21CF1C11B8F328700027421 /* instapairTests.swift in Sources */,
			);
			runOnlyForDeploymentPostprocessing = 0;
		};
/* End PBXSourcesBuildPhase section */

/* Begin PBXTargetDependency section */
		E21CF1BC1B8F328700027421 /* PBXTargetDependency */ = {
			isa = PBXTargetDependency;
			target = E21CF1A41B8F328700027421 /* instapair */;
			targetProxy = E21CF1BB1B8F328700027421 /* PBXContainerItemProxy */;
		};
/* End PBXTargetDependency section */

/* Begin PBXVariantGroup section */
		E21CF1AE1B8F328700027421 /* Main.storyboard */ = {
			isa = PBXVariantGroup;
			children = (
				E21CF1AF1B8F328700027421 /* Base */,
			);
			name = Main.storyboard;
			sourceTree = "<group>";
		};
		E21CF1B31B8F328700027421 /* LaunchScreen.xib */ = {
			isa = PBXVariantGroup;
			children = (
				E21CF1B41B8F328700027421 /* Base */,
			);
			name = LaunchScreen.xib;
			sourceTree = "<group>";
		};
/* End PBXVariantGroup section */

/* Begin XCBuildConfiguration section */
		E21CF1C21B8F328700027421 /* Debug */ = {
			isa = XCBuildConfiguration;
			buildSettings = {
				ALWAYS_SEARCH_USER_PATHS = NO;
				CLANG_CXX_LANGUAGE_STANDARD = "gnu++0x";
				CLANG_CXX_LIBRARY = "libc++";
				CLANG_ENABLE_MODULES = YES;
				CLANG_ENABLE_OBJC_ARC = YES;
				CLANG_WARN_BOOL_CONVERSION = YES;
				CLANG_WARN_CONSTANT_CONVERSION = YES;
				CLANG_WARN_DIRECT_OBJC_ISA_USAGE = YES_ERROR;
				CLANG_WARN_EMPTY_BODY = YES;
				CLANG_WARN_ENUM_CONVERSION = YES;
				CLANG_WARN_INT_CONVERSION = YES;
				CLANG_WARN_OBJC_ROOT_CLASS = YES_ERROR;
				CLANG_WARN_UNREACHABLE_CODE = YES;
				CLANG_WARN__DUPLICATE_METHOD_MATCH = YES;
				"CODE_SIGN_IDENTITY[sdk=iphoneos*]" = "iPhone Developer";
				COPY_PHASE_STRIP = NO;
				DEBUG_INFORMATION_FORMAT = "dwarf-with-dsym";
				ENABLE_STRICT_OBJC_MSGSEND = YES;
				GCC_C_LANGUAGE_STANDARD = gnu99;
				GCC_DYNAMIC_NO_PIC = NO;
				GCC_NO_COMMON_BLOCKS = YES;
				GCC_OPTIMIZATION_LEVEL = 0;
				GCC_PREPROCESSOR_DEFINITIONS = (
					"DEBUG=1",
					"$(inherited)",
				);
				GCC_SYMBOLS_PRIVATE_EXTERN = NO;
				GCC_WARN_64_TO_32_BIT_CONVERSION = YES;
				GCC_WARN_ABOUT_RETURN_TYPE = YES_ERROR;
				GCC_WARN_UNDECLARED_SELECTOR = YES;
				GCC_WARN_UNINITIALIZED_AUTOS = YES_AGGRESSIVE;
				GCC_WARN_UNUSED_FUNCTION = YES;
				GCC_WARN_UNUSED_VARIABLE = YES;
				IPHONEOS_DEPLOYMENT_TARGET = 8.4;
				MTL_ENABLE_DEBUG_INFO = YES;
				ONLY_ACTIVE_ARCH = YES;
				SDKROOT = iphoneos;
				SWIFT_OPTIMIZATION_LEVEL = "-Onone";
			};
			name = Debug;
		};
		E21CF1C31B8F328700027421 /* Release */ = {
			isa = XCBuildConfiguration;
			buildSettings = {
				ALWAYS_SEARCH_USER_PATHS = NO;
				CLANG_CXX_LANGUAGE_STANDARD = "gnu++0x";
				CLANG_CXX_LIBRARY = "libc++";
				CLANG_ENABLE_MODULES = YES;
				CLANG_ENABLE_OBJC_ARC = YES;
				CLANG_WARN_BOOL_CONVERSION = YES;
				CLANG_WARN_CONSTANT_CONVERSION = YES;
				CLANG_WARN_DIRECT_OBJC_ISA_USAGE = YES_ERROR;
				CLANG_WARN_EMPTY_BODY = YES;
				CLANG_WARN_ENUM_CONVERSION = YES;
				CLANG_WARN_INT_CONVERSION = YES;
				CLANG_WARN_OBJC_ROOT_CLASS = YES_ERROR;
				CLANG_WARN_UNREACHABLE_CODE = YES;
				CLANG_WARN__DUPLICATE_METHOD_MATCH = YES;
				"CODE_SIGN_IDENTITY[sdk=iphoneos*]" = "iPhone Developer";
				COPY_PHASE_STRIP = NO;
				DEBUG_INFORMATION_FORMAT = "dwarf-with-dsym";
				ENABLE_NS_ASSERTIONS = NO;
				ENABLE_STRICT_OBJC_MSGSEND = YES;
				GCC_C_LANGUAGE_STANDARD = gnu99;
				GCC_NO_COMMON_BLOCKS = YES;
				GCC_WARN_64_TO_32_BIT_CONVERSION = YES;
				GCC_WARN_ABOUT_RETURN_TYPE = YES_ERROR;
				GCC_WARN_UNDECLARED_SELECTOR = YES;
				GCC_WARN_UNINITIALIZED_AUTOS = YES_AGGRESSIVE;
				GCC_WARN_UNUSED_FUNCTION = YES;
				GCC_WARN_UNUSED_VARIABLE = YES;
				IPHONEOS_DEPLOYMENT_TARGET = 8.4;
				MTL_ENABLE_DEBUG_INFO = NO;
				SDKROOT = iphoneos;
				VALIDATE_PRODUCT = YES;
			};
			name = Release;
		};
		E21CF1C51B8F328700027421 /* Debug */ = {
			isa = XCBuildConfiguration;
			baseConfigurationReference = 05FAE9F3891C552D46386E30 /* Pods.debug.xcconfig */;
			buildSettings = {
				ASSETCATALOG_COMPILER_APPICON_NAME = AppIcon;
				CLANG_ENABLE_MODULES = YES;
				INFOPLIST_FILE = instapair/Info.plist;
				LD_RUNPATH_SEARCH_PATHS = "$(inherited) @executable_path/Frameworks";
				PRODUCT_NAME = "$(TARGET_NAME)";
				SWIFT_OBJC_BRIDGING_HEADER = "instapair/instapair-Bridging-Header.h";
				SWIFT_OPTIMIZATION_LEVEL = "-Onone";
			};
			name = Debug;
		};
		E21CF1C61B8F328700027421 /* Release */ = {
			isa = XCBuildConfiguration;
			baseConfigurationReference = E6742C8E4743596F39021E84 /* Pods.release.xcconfig */;
			buildSettings = {
				ASSETCATALOG_COMPILER_APPICON_NAME = AppIcon;
				CLANG_ENABLE_MODULES = YES;
				INFOPLIST_FILE = instapair/Info.plist;
				LD_RUNPATH_SEARCH_PATHS = "$(inherited) @executable_path/Frameworks";
				PRODUCT_NAME = "$(TARGET_NAME)";
				SWIFT_OBJC_BRIDGING_HEADER = "instapair/instapair-Bridging-Header.h";
			};
			name = Release;
		};
		E21CF1C81B8F328700027421 /* Debug */ = {
			isa = XCBuildConfiguration;
			buildSettings = {
				BUNDLE_LOADER = "$(TEST_HOST)";
				FRAMEWORK_SEARCH_PATHS = (
					"$(SDKROOT)/Developer/Library/Frameworks",
					"$(inherited)",
				);
				GCC_PREPROCESSOR_DEFINITIONS = (
					"DEBUG=1",
					"$(inherited)",
				);
				INFOPLIST_FILE = instapairTests/Info.plist;
				LD_RUNPATH_SEARCH_PATHS = "$(inherited) @executable_path/Frameworks @loader_path/Frameworks";
				PRODUCT_NAME = "$(TARGET_NAME)";
				TEST_HOST = "$(BUILT_PRODUCTS_DIR)/instapair.app/instapair";
			};
			name = Debug;
		};
		E21CF1C91B8F328700027421 /* Release */ = {
			isa = XCBuildConfiguration;
			buildSettings = {
				BUNDLE_LOADER = "$(TEST_HOST)";
				FRAMEWORK_SEARCH_PATHS = (
					"$(SDKROOT)/Developer/Library/Frameworks",
					"$(inherited)",
				);
				INFOPLIST_FILE = instapairTests/Info.plist;
				LD_RUNPATH_SEARCH_PATHS = "$(inherited) @executable_path/Frameworks @loader_path/Frameworks";
				PRODUCT_NAME = "$(TARGET_NAME)";
				TEST_HOST = "$(BUILT_PRODUCTS_DIR)/instapair.app/instapair";
			};
			name = Release;
		};
/* End XCBuildConfiguration section */

/* Begin XCConfigurationList section */
		E21CF1A01B8F328700027421 /* Build configuration list for PBXProject "instapair" */ = {
			isa = XCConfigurationList;
			buildConfigurations = (
				E21CF1C21B8F328700027421 /* Debug */,
				E21CF1C31B8F328700027421 /* Release */,
			);
			defaultConfigurationIsVisible = 0;
			defaultConfigurationName = Release;
		};
		E21CF1C41B8F328700027421 /* Build configuration list for PBXNativeTarget "instapair" */ = {
			isa = XCConfigurationList;
			buildConfigurations = (
				E21CF1C51B8F328700027421 /* Debug */,
				E21CF1C61B8F328700027421 /* Release */,
			);
			defaultConfigurationIsVisible = 0;
			defaultConfigurationName = Release;
		};
		E21CF1C71B8F328700027421 /* Build configuration list for PBXNativeTarget "instapairTests" */ = {
			isa = XCConfigurationList;
			buildConfigurations = (
				E21CF1C81B8F328700027421 /* Debug */,
				E21CF1C91B8F328700027421 /* Release */,
			);
			defaultConfigurationIsVisible = 0;
			defaultConfigurationName = Release;
		};
/* End XCConfigurationList section */
	};
	rootObject = E21CF19D1B8F328700027421 /* Project object */;
}
